
Microsoft Visual Studio Solution File, Format Version 12.00
# Visual Studio 2012
Project("{FAE04EC0-301F-11D3-BF4B-00C04F79EFBC}") = "ImranB.ModelBindingFix.Mvc", "ImranB.ModelBindingFix.Mvc\ImranB.ModelBindingFix.Mvc.csproj", "{5895C300-7736-4B46-9475-7EB00BDC108C}"
EndProject
Project("{FAE04EC0-301F-11D3-BF4B-00C04F79EFBC}") = "ImranB.ModelBindingFix.WebApi", "ImranB.ModelBindingFix.WebApi\ImranB.ModelBindingFix.WebApi.csproj", "{0FA76CDA-BC58-4580-97E8-7096EF1F4BDF}"
EndProject
Global
	GlobalSection(SolutionConfigurationPlatforms) = preSolution
		Debug|Any CPU = Debug|Any CPU
		Release|Any CPU = Release|Any CPU
	EndGlobalSection
	GlobalSection(ProjectConfigurationPlatforms) = postSolution
		{5895C300-7736-4B46-9475-7EB00BDC108C}.Debug|Any CPU.ActiveCfg = Debug|Any CPU
		{5895C300-7736-4B46-9475-7EB00BDC108C}.Debug|Any CPU.Build.0 = Debug|Any CPU
		{5895C300-7736-4B46-9475-7EB00BDC108C}.Release|Any CPU.ActiveCfg = Release|Any CPU
		{5895C300-7736-4B46-9475-7EB00BDC108C}.Release|Any CPU.Build.0 = Release|Any CPU
		{0FA76CDA-BC58-4580-97E8-7096EF1F4BDF}.Debug|Any CPU.ActiveCfg = Debug|Any CPU
		{0FA76CDA-BC58-4580-97E8-7096EF1F4BDF}.Debug|Any CPU.Build.0 = Debug|Any CPU
		{0FA76CDA-BC58-4580-97E8-7096EF1F4BDF}.Release|Any CPU.ActiveCfg = Release|Any CPU
		{0FA76CDA-BC58-4580-97E8-7096EF1F4BDF}.Release|Any CPU.Build.0 = Release|Any CPU
	EndGlobalSection
	GlobalSection(SolutionProperties) = preSolution
		HideSolutionNode = FALSE
	EndGlobalSection
EndGlobal
